
Microsoft Visual Studio Solution File, Format Version 12.00
# Visual Studio 15
VisualStudioVersion = 15.0.27130.2010
MinimumVisualStudioVersion = 10.0.40219.1
Project("{8BC9CEB8-8B4A-11D0-8D11-00A0C91BC942}") = "T_003_Data_Types", "T_003_Data_Types\T_003_Data_Types.vcxproj", "{BBE44B30-289A-4BA5-B880-D41B047034CE}"
EndProject
Global
	GlobalSection(SolutionConfigurationPlatforms) = preSolution
		Debug|x64 = Debug|x64
		Debug|x86 = Debug|x86
		Release|x64 = Release|x64
		Release|x86 = Release|x86
	EndGlobalSection
	GlobalSection(ProjectConfigurationPlatforms) = postSolution
		{BBE44B30-289A-4BA5-B880-D41B047034CE}.Debug|x64.ActiveCfg = Debug|x64
		{BBE44B30-289A-4BA5-B880-D41B047034CE}.Debug|x64.Build.0 = Debug|x64
		{BBE44B30-289A-4BA5-B880-D41B047034CE}.Debug|x86.ActiveCfg = Debug|Win32
		{BBE44B30-289A-4BA5-B880-D41B047034CE}.Debug|x86.Build.0 = Debug|Win32
		{BBE44B30-289A-4BA5-B880-D41B047034CE}.Release|x64.ActiveCfg = Release|x64
		{BBE44B30-289A-4BA5-B880-D41B047034CE}.Release|x64.Build.0 = Release|x64
		{BBE44B30-289A-4BA5-B880-D41B047034CE}.Release|x86.ActiveCfg = Release|Win32
		{BBE44B30-289A-4BA5-B880-D41B047034CE}.Release|x86.Build.0 = Release|Win32
	EndGlobalSection
	GlobalSection(SolutionProperties) = preSolution
		HideSolutionNode = FALSE
	EndGlobalSection
	GlobalSection(ExtensibilityGlobals) = postSolution
		SolutionGuid = {6A94F27F-6692-4DF3-AF9F-3B95E94C2AED}
	EndGlobalSection
EndGlobal
