
Microsoft Visual Studio Solution File, Format Version 12.00
# Visual Studio 15
VisualStudioVersion = 15.0.27130.2010
MinimumVisualStudioVersion = 10.0.40219.1
Project("{8BC9CEB8-8B4A-11D0-8D11-00A0C91BC942}") = "T_029_Nested_If_Statements", "T_029_Nested_If_Statements\T_029_Nested_If_Statements.vcxproj", "{A12DE2BE-0EF8-4233-8F10-2CD43FCE4ED0}"
EndProject
Global
	GlobalSection(SolutionConfigurationPlatforms) = preSolution
		Debug|x64 = Debug|x64
		Debug|x86 = Debug|x86
		Release|x64 = Release|x64
		Release|x86 = Release|x86
	EndGlobalSection
	GlobalSection(ProjectConfigurationPlatforms) = postSolution
		{A12DE2BE-0EF8-4233-8F10-2CD43FCE4ED0}.Debug|x64.ActiveCfg = Debug|x64
		{A12DE2BE-0EF8-4233-8F10-2CD43FCE4ED0}.Debug|x64.Build.0 = Debug|x64
		{A12DE2BE-0EF8-4233-8F10-2CD43FCE4ED0}.Debug|x86.ActiveCfg = Debug|Win32
		{A12DE2BE-0EF8-4233-8F10-2CD43FCE4ED0}.Debug|x86.Build.0 = Debug|Win32
		{A12DE2BE-0EF8-4233-8F10-2CD43FCE4ED0}.Release|x64.ActiveCfg = Release|x64
		{A12DE2BE-0EF8-4233-8F10-2CD43FCE4ED0}.Release|x64.Build.0 = Release|x64
		{A12DE2BE-0EF8-4233-8F10-2CD43FCE4ED0}.Release|x86.ActiveCfg = Release|Win32
		{A12DE2BE-0EF8-4233-8F10-2CD43FCE4ED0}.Release|x86.Build.0 = Release|Win32
	EndGlobalSection
	GlobalSection(SolutionProperties) = preSolution
		HideSolutionNode = FALSE
	EndGlobalSection
	GlobalSection(ExtensibilityGlobals) = postSolution
		SolutionGuid = {904A71D9-A354-4DCF-B6EA-5D1A4AF80847}
	EndGlobalSection
EndGlobal
