
Microsoft Visual Studio Solution File, Format Version 12.00
# Visual Studio 15
VisualStudioVersion = 15.0.27130.2010
MinimumVisualStudioVersion = 10.0.40219.1
Project("{8BC9CEB8-8B4A-11D0-8D11-00A0C91BC942}") = "T_028_Switch_Statement", "T_028_Switch_Statement\T_028_Switch_Statement.vcxproj", "{F3AE4074-8BD4-477B-A33B-425F1CD76BE8}"
EndProject
Global
	GlobalSection(SolutionConfigurationPlatforms) = preSolution
		Debug|x64 = Debug|x64
		Debug|x86 = Debug|x86
		Release|x64 = Release|x64
		Release|x86 = Release|x86
	EndGlobalSection
	GlobalSection(ProjectConfigurationPlatforms) = postSolution
		{F3AE4074-8BD4-477B-A33B-425F1CD76BE8}.Debug|x64.ActiveCfg = Debug|x64
		{F3AE4074-8BD4-477B-A33B-425F1CD76BE8}.Debug|x64.Build.0 = Debug|x64
		{F3AE4074-8BD4-477B-A33B-425F1CD76BE8}.Debug|x86.ActiveCfg = Debug|Win32
		{F3AE4074-8BD4-477B-A33B-425F1CD76BE8}.Debug|x86.Build.0 = Debug|Win32
		{F3AE4074-8BD4-477B-A33B-425F1CD76BE8}.Release|x64.ActiveCfg = Release|x64
		{F3AE4074-8BD4-477B-A33B-425F1CD76BE8}.Release|x64.Build.0 = Release|x64
		{F3AE4074-8BD4-477B-A33B-425F1CD76BE8}.Release|x86.ActiveCfg = Release|Win32
		{F3AE4074-8BD4-477B-A33B-425F1CD76BE8}.Release|x86.Build.0 = Release|Win32
	EndGlobalSection
	GlobalSection(SolutionProperties) = preSolution
		HideSolutionNode = FALSE
	EndGlobalSection
	GlobalSection(ExtensibilityGlobals) = postSolution
		SolutionGuid = {070F5F4A-F125-4CD4-8AFA-648D0B3A825F}
	EndGlobalSection
EndGlobal
