
Microsoft Visual Studio Solution File, Format Version 12.00
# Visual Studio 15
VisualStudioVersion = 15.0.27130.2010
MinimumVisualStudioVersion = 10.0.40219.1
Project("{8BC9CEB8-8B4A-11D0-8D11-00A0C91BC942}") = "T_025_Decision_Making_Statements", "T_025_Decision_Making_Statements\T_025_Decision_Making_Statements.vcxproj", "{47C0371A-F780-4850-B75E-EAE960F5DFE5}"
EndProject
Global
	GlobalSection(SolutionConfigurationPlatforms) = preSolution
		Debug|x64 = Debug|x64
		Debug|x86 = Debug|x86
		Release|x64 = Release|x64
		Release|x86 = Release|x86
	EndGlobalSection
	GlobalSection(ProjectConfigurationPlatforms) = postSolution
		{47C0371A-F780-4850-B75E-EAE960F5DFE5}.Debug|x64.ActiveCfg = Debug|x64
		{47C0371A-F780-4850-B75E-EAE960F5DFE5}.Debug|x64.Build.0 = Debug|x64
		{47C0371A-F780-4850-B75E-EAE960F5DFE5}.Debug|x86.ActiveCfg = Debug|Win32
		{47C0371A-F780-4850-B75E-EAE960F5DFE5}.Debug|x86.Build.0 = Debug|Win32
		{47C0371A-F780-4850-B75E-EAE960F5DFE5}.Release|x64.ActiveCfg = Release|x64
		{47C0371A-F780-4850-B75E-EAE960F5DFE5}.Release|x64.Build.0 = Release|x64
		{47C0371A-F780-4850-B75E-EAE960F5DFE5}.Release|x86.ActiveCfg = Release|Win32
		{47C0371A-F780-4850-B75E-EAE960F5DFE5}.Release|x86.Build.0 = Release|Win32
	EndGlobalSection
	GlobalSection(SolutionProperties) = preSolution
		HideSolutionNode = FALSE
	EndGlobalSection
	GlobalSection(ExtensibilityGlobals) = postSolution
		SolutionGuid = {79E87781-EC3E-47BC-A6C9-77F09BA063BF}
	EndGlobalSection
EndGlobal
