
Microsoft Visual Studio Solution File, Format Version 12.00
# Visual Studio 15
VisualStudioVersion = 15.0.27130.2010
MinimumVisualStudioVersion = 10.0.40219.1
Project("{8BC9CEB8-8B4A-11D0-8D11-00A0C91BC942}") = "T_004_Variable_Types", "T_004_Variable_Types\T_004_Variable_Types.vcxproj", "{2711FA62-6F04-4ECB-B35C-424971BD49F1}"
EndProject
Global
	GlobalSection(SolutionConfigurationPlatforms) = preSolution
		Debug|x64 = Debug|x64
		Debug|x86 = Debug|x86
		Release|x64 = Release|x64
		Release|x86 = Release|x86
	EndGlobalSection
	GlobalSection(ProjectConfigurationPlatforms) = postSolution
		{2711FA62-6F04-4ECB-B35C-424971BD49F1}.Debug|x64.ActiveCfg = Debug|x64
		{2711FA62-6F04-4ECB-B35C-424971BD49F1}.Debug|x64.Build.0 = Debug|x64
		{2711FA62-6F04-4ECB-B35C-424971BD49F1}.Debug|x86.ActiveCfg = Debug|Win32
		{2711FA62-6F04-4ECB-B35C-424971BD49F1}.Debug|x86.Build.0 = Debug|Win32
		{2711FA62-6F04-4ECB-B35C-424971BD49F1}.Release|x64.ActiveCfg = Release|x64
		{2711FA62-6F04-4ECB-B35C-424971BD49F1}.Release|x64.Build.0 = Release|x64
		{2711FA62-6F04-4ECB-B35C-424971BD49F1}.Release|x86.ActiveCfg = Release|Win32
		{2711FA62-6F04-4ECB-B35C-424971BD49F1}.Release|x86.Build.0 = Release|Win32
	EndGlobalSection
	GlobalSection(SolutionProperties) = preSolution
		HideSolutionNode = FALSE
	EndGlobalSection
	GlobalSection(ExtensibilityGlobals) = postSolution
		SolutionGuid = {EEAE5D8F-D061-48E8-A783-EA17BF3CF43D}
	EndGlobalSection
EndGlobal
